
Microsoft Visual Studio Solution File, Format Version 12.00
# Visual Studio Version 16
VisualStudioVersion = 16.0.30128.74
MinimumVisualStudioVersion = 10.0.40219.1
Project("{FAE04EC0-301F-11D3-BF4B-00C04F79EFBC}") = "JBCert", "JBCert\JBCert.csproj", "{F944E583-1828-44A9-970E-52E5613C4E8C}"
EndProject
Project("{FAE04EC0-301F-11D3-BF4B-00C04F79EFBC}") = "Model", "Model\Model.csproj", "{6C4F288F-8DEE-485A-82AA-A6DAB53909F9}"
EndProject
Project("{FAE04EC0-301F-11D3-BF4B-00C04F79EFBC}") = "Repository", "Repository\Repository.csproj", "{9B0E9990-3193-4478-B067-851CF30C4729}"
EndProject
Project("{FAE04EC0-301F-11D3-BF4B-00C04F79EFBC}") = "Service", "Service\Service.csproj", "{69859613-B5B0-4F0B-9918-71764F45A984}"
EndProject
Project("{FAE04EC0-301F-11D3-BF4B-00C04F79EFBC}") = "Common", "Common\Common.csproj", "{E4326F29-B176-427B-BD8D-9749476AA3FF}"
EndProject
Project("{840C416C-B8F3-42BC-B0DD-F6BB14C9F8CB}") = "JBCert Software", "JBCert Software\JBCert Software.aiproj", "{441B3F11-70DC-484C-8534-E9602E021E6F}"
EndProject
Global
	GlobalSection(SolutionConfigurationPlatforms) = preSolution
		All|Any CPU = All|Any CPU
		Debug|Any CPU = Debug|Any CPU
		Release|Any CPU = Release|Any CPU
	EndGlobalSection
	GlobalSection(ProjectConfigurationPlatforms) = postSolution
		{F944E583-1828-44A9-970E-52E5613C4E8C}.All|Any CPU.ActiveCfg = Release|Any CPU
		{F944E583-1828-44A9-970E-52E5613C4E8C}.All|Any CPU.Build.0 = Release|Any CPU
		{F944E583-1828-44A9-970E-52E5613C4E8C}.Debug|Any CPU.ActiveCfg = Debug|Any CPU
		{F944E583-1828-44A9-970E-52E5613C4E8C}.Debug|Any CPU.Build.0 = Debug|Any CPU
		{F944E583-1828-44A9-970E-52E5613C4E8C}.Release|Any CPU.ActiveCfg = Release|Any CPU
		{F944E583-1828-44A9-970E-52E5613C4E8C}.Release|Any CPU.Build.0 = Release|Any CPU
		{6C4F288F-8DEE-485A-82AA-A6DAB53909F9}.All|Any CPU.ActiveCfg = Release|Any CPU
		{6C4F288F-8DEE-485A-82AA-A6DAB53909F9}.All|Any CPU.Build.0 = Release|Any CPU
		{6C4F288F-8DEE-485A-82AA-A6DAB53909F9}.Debug|Any CPU.ActiveCfg = Debug|Any CPU
		{6C4F288F-8DEE-485A-82AA-A6DAB53909F9}.Debug|Any CPU.Build.0 = Debug|Any CPU
		{6C4F288F-8DEE-485A-82AA-A6DAB53909F9}.Release|Any CPU.ActiveCfg = Release|Any CPU
		{6C4F288F-8DEE-485A-82AA-A6DAB53909F9}.Release|Any CPU.Build.0 = Release|Any CPU
		{9B0E9990-3193-4478-B067-851CF30C4729}.All|Any CPU.ActiveCfg = Release|Any CPU
		{9B0E9990-3193-4478-B067-851CF30C4729}.All|Any CPU.Build.0 = Release|Any CPU
		{9B0E9990-3193-4478-B067-851CF30C4729}.Debug|Any CPU.ActiveCfg = Debug|Any CPU
		{9B0E9990-3193-4478-B067-851CF30C4729}.Debug|Any CPU.Build.0 = Debug|Any CPU
		{9B0E9990-3193-4478-B067-851CF30C4729}.Release|Any CPU.ActiveCfg = Release|Any CPU
		{9B0E9990-3193-4478-B067-851CF30C4729}.Release|Any CPU.Build.0 = Release|Any CPU
		{69859613-B5B0-4F0B-9918-71764F45A984}.All|Any CPU.ActiveCfg = Release|Any CPU
		{69859613-B5B0-4F0B-9918-71764F45A984}.All|Any CPU.Build.0 = Release|Any CPU
		{69859613-B5B0-4F0B-9918-71764F45A984}.Debug|Any CPU.ActiveCfg = Debug|Any CPU
		{69859613-B5B0-4F0B-9918-71764F45A984}.Debug|Any CPU.Build.0 = Debug|Any CPU
		{69859613-B5B0-4F0B-9918-71764F45A984}.Release|Any CPU.ActiveCfg = Release|Any CPU
		{69859613-B5B0-4F0B-9918-71764F45A984}.Release|Any CPU.Build.0 = Release|Any CPU
		{E4326F29-B176-427B-BD8D-9749476AA3FF}.All|Any CPU.ActiveCfg = Release|Any CPU
		{E4326F29-B176-427B-BD8D-9749476AA3FF}.All|Any CPU.Build.0 = Release|Any CPU
		{E4326F29-B176-427B-BD8D-9749476AA3FF}.Debug|Any CPU.ActiveCfg = Debug|Any CPU
		{E4326F29-B176-427B-BD8D-9749476AA3FF}.Debug|Any CPU.Build.0 = Debug|Any CPU
		{E4326F29-B176-427B-BD8D-9749476AA3FF}.Release|Any CPU.ActiveCfg = Release|Any CPU
		{E4326F29-B176-427B-BD8D-9749476AA3FF}.Release|Any CPU.Build.0 = Release|Any CPU
		{441B3F11-70DC-484C-8534-E9602E021E6F}.All|Any CPU.ActiveCfg = DefaultBuild
		{441B3F11-70DC-484C-8534-E9602E021E6F}.All|Any CPU.Build.0 = DefaultBuild
		{441B3F11-70DC-484C-8534-E9602E021E6F}.Debug|Any CPU.ActiveCfg = DefaultBuild
		{441B3F11-70DC-484C-8534-E9602E021E6F}.Debug|Any CPU.Build.0 = DefaultBuild
		{441B3F11-70DC-484C-8534-E9602E021E6F}.Release|Any CPU.ActiveCfg = DefaultBuild
		{441B3F11-70DC-484C-8534-E9602E021E6F}.Release|Any CPU.Build.0 = DefaultBuild
	EndGlobalSection
	GlobalSection(SolutionProperties) = preSolution
		HideSolutionNode = FALSE
	EndGlobalSection
	GlobalSection(ExtensibilityGlobals) = postSolution
		SolutionGuid = {7A599E6A-096F-408F-A161-39FBDBA51FAA}
	EndGlobalSection
EndGlobal
